
Microsoft Visual Studio Solution File, Format Version 12.00
# Visual Studio Version 16
VisualStudioVersion = 16.0.30114.105
MinimumVisualStudioVersion = 10.0.40219.1
Project("{FAE04EC0-301F-11D3-BF4B-00C04F79EFBC}") = "API", "API\API.csproj", "{F113FCC8-D6D8-42A0-B175-7D5BBBC10A60}"
EndProject
Project("{FAE04EC0-301F-11D3-BF4B-00C04F79EFBC}") = "Application", "Application\Application.csproj", "{69747CBE-0913-4AFF-8BA2-1AA5462F1A7F}"
EndProject
Project("{FAE04EC0-301F-11D3-BF4B-00C04F79EFBC}") = "Persistence", "Persistence\Persistence.csproj", "{A52AC70B-9E36-4451-BC4B-A6BAF628C33C}"
EndProject
Project("{FAE04EC0-301F-11D3-BF4B-00C04F79EFBC}") = "Domain", "Domain\Domain.csproj", "{53183874-00AF-483F-98A1-B4362EC5DCD2}"
EndProject
Global
	GlobalSection(SolutionConfigurationPlatforms) = preSolution
		Debug|Any CPU = Debug|Any CPU
		Release|Any CPU = Release|Any CPU
	EndGlobalSection
	GlobalSection(SolutionProperties) = preSolution
		HideSolutionNode = FALSE
	EndGlobalSection
	GlobalSection(ProjectConfigurationPlatforms) = postSolution
		{F113FCC8-D6D8-42A0-B175-7D5BBBC10A60}.Debug|Any CPU.ActiveCfg = Debug|Any CPU
		{F113FCC8-D6D8-42A0-B175-7D5BBBC10A60}.Debug|Any CPU.Build.0 = Debug|Any CPU
		{F113FCC8-D6D8-42A0-B175-7D5BBBC10A60}.Release|Any CPU.ActiveCfg = Release|Any CPU
		{F113FCC8-D6D8-42A0-B175-7D5BBBC10A60}.Release|Any CPU.Build.0 = Release|Any CPU
		{69747CBE-0913-4AFF-8BA2-1AA5462F1A7F}.Debug|Any CPU.ActiveCfg = Debug|Any CPU
		{69747CBE-0913-4AFF-8BA2-1AA5462F1A7F}.Debug|Any CPU.Build.0 = Debug|Any CPU
		{69747CBE-0913-4AFF-8BA2-1AA5462F1A7F}.Release|Any CPU.ActiveCfg = Release|Any CPU
		{69747CBE-0913-4AFF-8BA2-1AA5462F1A7F}.Release|Any CPU.Build.0 = Release|Any CPU
		{A52AC70B-9E36-4451-BC4B-A6BAF628C33C}.Debug|Any CPU.ActiveCfg = Debug|Any CPU
		{A52AC70B-9E36-4451-BC4B-A6BAF628C33C}.Debug|Any CPU.Build.0 = Debug|Any CPU
		{A52AC70B-9E36-4451-BC4B-A6BAF628C33C}.Release|Any CPU.ActiveCfg = Release|Any CPU
		{A52AC70B-9E36-4451-BC4B-A6BAF628C33C}.Release|Any CPU.Build.0 = Release|Any CPU
		{53183874-00AF-483F-98A1-B4362EC5DCD2}.Debug|Any CPU.ActiveCfg = Debug|Any CPU
		{53183874-00AF-483F-98A1-B4362EC5DCD2}.Debug|Any CPU.Build.0 = Debug|Any CPU
		{53183874-00AF-483F-98A1-B4362EC5DCD2}.Release|Any CPU.ActiveCfg = Release|Any CPU
		{53183874-00AF-483F-98A1-B4362EC5DCD2}.Release|Any CPU.Build.0 = Release|Any CPU
	EndGlobalSection
EndGlobal
